
Microsoft Visual Studio Solution File, Format Version 12.00
# Visual Studio Version 17
VisualStudioVersion = 17.14.36414.22
MinimumVisualStudioVersion = 10.0.40219.1
Project("{FAE04EC0-301F-11D3-BF4B-00C04F79EFBC}") = "Lists", "Lists\Lists.csproj", "{D7362915-59AD-4A1D-AB24-21A94D251987}"
EndProject
Project("{FAE04EC0-301F-11D3-BF4B-00C04F79EFBC}") = "FruitLists", "FruitLists\FruitLists.csproj", "{49088E42-6A03-4476-BCC4-084298F5CCC8}"
EndProject
Project("{FAE04EC0-301F-11D3-BF4B-00C04F79EFBC}") = "NamesLists", "NamesLists\NamesLists.csproj", "{68F1C5C5-F603-4B0B-A547-FAAF1DE1BB74}"
EndProject
Project("{FAE04EC0-301F-11D3-BF4B-00C04F79EFBC}") = "TareasPendientes", "TareasPendientes\TareasPendientes.csproj", "{E9BED9C5-58BC-486F-8A5C-405FAF81DC4E}"
EndProject
Project("{FAE04EC0-301F-11D3-BF4B-00C04F79EFBC}") = "Colas", "Colas\Colas.csproj", "{57BACE11-8AC9-4DC8-8552-18E4955137CA}"
EndProject
Project("{FAE04EC0-301F-11D3-BF4B-00C04F79EFBC}") = "LinealCollections", "LinealCollections\LinealCollections.csproj", "{B10A851D-8DC3-4569-BBB3-C1671694D4E1}"
EndProject
Project("{FAE04EC0-301F-11D3-BF4B-00C04F79EFBC}") = "AsteriskCenterTree", "AsteriskCenterTree\AsteriskCenterTree.csproj", "{7EC4EF8F-65D2-4423-990E-77EE078186F3}"
EndProject
Project("{FAE04EC0-301F-11D3-BF4B-00C04F79EFBC}") = "NumberListOperations", "NumberListOperations\NumberListOperations.csproj", "{E7A3FC24-AECF-48BE-99F6-F4D8E1D459EC}"
EndProject
Project("{FAE04EC0-301F-11D3-BF4B-00C04F79EFBC}") = "vocals", "vocals\vocals.csproj", "{26E3BB05-51A1-46D4-8A70-43CFFEBC7722}"
EndProject
Project("{FAE04EC0-301F-11D3-BF4B-00C04F79EFBC}") = "TorresDeHanoiVisual", "TorresDeHanoiVisual\TorresDeHanoiVisual.csproj", "{5B123A95-57BF-4E22-A5C1-76063F06215E}"
EndProject
Project("{FAE04EC0-301F-11D3-BF4B-00C04F79EFBC}") = "Biblioteca", "Biblioteca\Biblioteca.csproj", "{AA7C46F5-3DF3-405C-95B7-15A8EF257E2F}"
EndProject
Project("{FAE04EC0-301F-11D3-BF4B-00C04F79EFBC}") = "LINQ", "LINQ\LINQ.csproj", "{8ADC4352-D4A3-403D-84B1-C1F620A60457}"
EndProject
Project("{FAE04EC0-301F-11D3-BF4B-00C04F79EFBC}") = "StudentsDictionary", "StudentsDictionary\StudentsDictionary.csproj", "{3BDE30CA-55BB-4AFD-94C9-263005475228}"
EndProject
Project("{FAE04EC0-301F-11D3-BF4B-00C04F79EFBC}") = "StudentsList", "StudentsList\StudentsList.csproj", "{6213F7F8-7246-499F-9C5E-FBCE7A8A17A9}"
EndProject
Project("{FAE04EC0-301F-11D3-BF4B-00C04F79EFBC}") = "Almacen", "Almacen\Almacen.csproj", "{2741A358-3E0C-4623-B7D5-5E969F9F0ABF}"
EndProject
Global
	GlobalSection(SolutionConfigurationPlatforms) = preSolution
		Debug|Any CPU = Debug|Any CPU
		Release|Any CPU = Release|Any CPU
	EndGlobalSection
	GlobalSection(ProjectConfigurationPlatforms) = postSolution
		{D7362915-59AD-4A1D-AB24-21A94D251987}.Debug|Any CPU.ActiveCfg = Debug|Any CPU
		{D7362915-59AD-4A1D-AB24-21A94D251987}.Debug|Any CPU.Build.0 = Debug|Any CPU
		{D7362915-59AD-4A1D-AB24-21A94D251987}.Release|Any CPU.ActiveCfg = Release|Any CPU
		{D7362915-59AD-4A1D-AB24-21A94D251987}.Release|Any CPU.Build.0 = Release|Any CPU
		{49088E42-6A03-4476-BCC4-084298F5CCC8}.Debug|Any CPU.ActiveCfg = Debug|Any CPU
		{49088E42-6A03-4476-BCC4-084298F5CCC8}.Debug|Any CPU.Build.0 = Debug|Any CPU
		{49088E42-6A03-4476-BCC4-084298F5CCC8}.Release|Any CPU.ActiveCfg = Release|Any CPU
		{49088E42-6A03-4476-BCC4-084298F5CCC8}.Release|Any CPU.Build.0 = Release|Any CPU
		{68F1C5C5-F603-4B0B-A547-FAAF1DE1BB74}.Debug|Any CPU.ActiveCfg = Debug|Any CPU
		{68F1C5C5-F603-4B0B-A547-FAAF1DE1BB74}.Debug|Any CPU.Build.0 = Debug|Any CPU
		{68F1C5C5-F603-4B0B-A547-FAAF1DE1BB74}.Release|Any CPU.ActiveCfg = Release|Any CPU
		{68F1C5C5-F603-4B0B-A547-FAAF1DE1BB74}.Release|Any CPU.Build.0 = Release|Any CPU
		{E9BED9C5-58BC-486F-8A5C-405FAF81DC4E}.Debug|Any CPU.ActiveCfg = Debug|Any CPU
		{E9BED9C5-58BC-486F-8A5C-405FAF81DC4E}.Debug|Any CPU.Build.0 = Debug|Any CPU
		{E9BED9C5-58BC-486F-8A5C-405FAF81DC4E}.Release|Any CPU.ActiveCfg = Release|Any CPU
		{E9BED9C5-58BC-486F-8A5C-405FAF81DC4E}.Release|Any CPU.Build.0 = Release|Any CPU
		{57BACE11-8AC9-4DC8-8552-18E4955137CA}.Debug|Any CPU.ActiveCfg = Debug|Any CPU
		{57BACE11-8AC9-4DC8-8552-18E4955137CA}.Debug|Any CPU.Build.0 = Debug|Any CPU
		{57BACE11-8AC9-4DC8-8552-18E4955137CA}.Release|Any CPU.ActiveCfg = Release|Any CPU
		{57BACE11-8AC9-4DC8-8552-18E4955137CA}.Release|Any CPU.Build.0 = Release|Any CPU
		{B10A851D-8DC3-4569-BBB3-C1671694D4E1}.Debug|Any CPU.ActiveCfg = Debug|Any CPU
		{B10A851D-8DC3-4569-BBB3-C1671694D4E1}.Debug|Any CPU.Build.0 = Debug|Any CPU
		{B10A851D-8DC3-4569-BBB3-C1671694D4E1}.Release|Any CPU.ActiveCfg = Release|Any CPU
		{B10A851D-8DC3-4569-BBB3-C1671694D4E1}.Release|Any CPU.Build.0 = Release|Any CPU
		{7EC4EF8F-65D2-4423-990E-77EE078186F3}.Debug|Any CPU.ActiveCfg = Debug|Any CPU
		{7EC4EF8F-65D2-4423-990E-77EE078186F3}.Debug|Any CPU.Build.0 = Debug|Any CPU
		{7EC4EF8F-65D2-4423-990E-77EE078186F3}.Release|Any CPU.ActiveCfg = Release|Any CPU
		{7EC4EF8F-65D2-4423-990E-77EE078186F3}.Release|Any CPU.Build.0 = Release|Any CPU
		{E7A3FC24-AECF-48BE-99F6-F4D8E1D459EC}.Debug|Any CPU.ActiveCfg = Debug|Any CPU
		{E7A3FC24-AECF-48BE-99F6-F4D8E1D459EC}.Debug|Any CPU.Build.0 = Debug|Any CPU
		{E7A3FC24-AECF-48BE-99F6-F4D8E1D459EC}.Release|Any CPU.ActiveCfg = Release|Any CPU
		{E7A3FC24-AECF-48BE-99F6-F4D8E1D459EC}.Release|Any CPU.Build.0 = Release|Any CPU
		{26E3BB05-51A1-46D4-8A70-43CFFEBC7722}.Debug|Any CPU.ActiveCfg = Debug|Any CPU
		{26E3BB05-51A1-46D4-8A70-43CFFEBC7722}.Debug|Any CPU.Build.0 = Debug|Any CPU
		{26E3BB05-51A1-46D4-8A70-43CFFEBC7722}.Release|Any CPU.ActiveCfg = Release|Any CPU
		{26E3BB05-51A1-46D4-8A70-43CFFEBC7722}.Release|Any CPU.Build.0 = Release|Any CPU
		{5B123A95-57BF-4E22-A5C1-76063F06215E}.Debug|Any CPU.ActiveCfg = Debug|Any CPU
		{5B123A95-57BF-4E22-A5C1-76063F06215E}.Debug|Any CPU.Build.0 = Debug|Any CPU
		{5B123A95-57BF-4E22-A5C1-76063F06215E}.Release|Any CPU.ActiveCfg = Release|Any CPU
		{5B123A95-57BF-4E22-A5C1-76063F06215E}.Release|Any CPU.Build.0 = Release|Any CPU
		{AA7C46F5-3DF3-405C-95B7-15A8EF257E2F}.Debug|Any CPU.ActiveCfg = Debug|Any CPU
		{AA7C46F5-3DF3-405C-95B7-15A8EF257E2F}.Debug|Any CPU.Build.0 = Debug|Any CPU
		{AA7C46F5-3DF3-405C-95B7-15A8EF257E2F}.Release|Any CPU.ActiveCfg = Release|Any CPU
		{AA7C46F5-3DF3-405C-95B7-15A8EF257E2F}.Release|Any CPU.Build.0 = Release|Any CPU
		{8ADC4352-D4A3-403D-84B1-C1F620A60457}.Debug|Any CPU.ActiveCfg = Debug|Any CPU
		{8ADC4352-D4A3-403D-84B1-C1F620A60457}.Debug|Any CPU.Build.0 = Debug|Any CPU
		{8ADC4352-D4A3-403D-84B1-C1F620A60457}.Release|Any CPU.ActiveCfg = Release|Any CPU
		{8ADC4352-D4A3-403D-84B1-C1F620A60457}.Release|Any CPU.Build.0 = Release|Any CPU
		{3BDE30CA-55BB-4AFD-94C9-263005475228}.Debug|Any CPU.ActiveCfg = Debug|Any CPU
		{3BDE30CA-55BB-4AFD-94C9-263005475228}.Debug|Any CPU.Build.0 = Debug|Any CPU
		{3BDE30CA-55BB-4AFD-94C9-263005475228}.Release|Any CPU.ActiveCfg = Release|Any CPU
		{3BDE30CA-55BB-4AFD-94C9-263005475228}.Release|Any CPU.Build.0 = Release|Any CPU
		{6213F7F8-7246-499F-9C5E-FBCE7A8A17A9}.Debug|Any CPU.ActiveCfg = Debug|Any CPU
		{6213F7F8-7246-499F-9C5E-FBCE7A8A17A9}.Debug|Any CPU.Build.0 = Debug|Any CPU
		{6213F7F8-7246-499F-9C5E-FBCE7A8A17A9}.Release|Any CPU.ActiveCfg = Release|Any CPU
		{6213F7F8-7246-499F-9C5E-FBCE7A8A17A9}.Release|Any CPU.Build.0 = Release|Any CPU
		{2741A358-3E0C-4623-B7D5-5E969F9F0ABF}.Debug|Any CPU.ActiveCfg = Debug|Any CPU
		{2741A358-3E0C-4623-B7D5-5E969F9F0ABF}.Debug|Any CPU.Build.0 = Debug|Any CPU
		{2741A358-3E0C-4623-B7D5-5E969F9F0ABF}.Release|Any CPU.ActiveCfg = Release|Any CPU
		{2741A358-3E0C-4623-B7D5-5E969F9F0ABF}.Release|Any CPU.Build.0 = Release|Any CPU
	EndGlobalSection
	GlobalSection(SolutionProperties) = preSolution
		HideSolutionNode = FALSE
	EndGlobalSection
	GlobalSection(ExtensibilityGlobals) = postSolution
		SolutionGuid = {A151A791-DC35-4BC5-AA42-A81FCF556760}
	EndGlobalSection
EndGlobal
